
Microsoft Visual Studio Solution File, Format Version 12.00
# Visual Studio Version 17
VisualStudioVersion = 17.1.32421.90
MinimumVisualStudioVersion = 10.0.40219.1
Project("{FAE04EC0-301F-11D3-BF4B-00C04F79EFBC}") = "WebApplication1", "WebApplication1.csproj", "{EBF4629F-7599-4D6B-9B7B-051DEB40682D}"
EndProject
Global
	GlobalSection(SolutionConfigurationPlatforms) = preSolution
		Debug|Any CPU = Debug|Any CPU
		Release|Any CPU = Release|Any CPU
	EndGlobalSection
	GlobalSection(ProjectConfigurationPlatforms) = postSolution
		{EBF4629F-7599-4D6B-9B7B-051DEB40682D}.Debug|Any CPU.ActiveCfg = Debug|Any CPU
		{EBF4629F-7599-4D6B-9B7B-051DEB40682D}.Debug|Any CPU.Build.0 = Debug|Any CPU
		{EBF4629F-7599-4D6B-9B7B-051DEB40682D}.Release|Any CPU.ActiveCfg = Release|Any CPU
		{EBF4629F-7599-4D6B-9B7B-051DEB40682D}.Release|Any CPU.Build.0 = Release|Any CPU
	EndGlobalSection
	GlobalSection(SolutionProperties) = preSolution
		HideSolutionNode = FALSE
	EndGlobalSection
	GlobalSection(ExtensibilityGlobals) = postSolution
		SolutionGuid = {70C4A4D3-6BC4-436C-B10E-8D3116E8B96D}
	EndGlobalSection
EndGlobal
